{
  "lockfile_version": "1",
  "packages": {
    "just@latest": {
      "last_modified": "2024-09-10T15:01:03Z",
      "resolved": "github:NixOS/nixpkgs/5ed627539ac84809c78b2dd6d26a5cebeb5ae269#just",
      "source": "devbox-search",
      "version": "1.35.0",
      "systems": {
        "aarch64-darwin": {
          "outputs": [
            {
              "name": "out",
              "path": "/nix/store/874l9amqmswyy67spzdcipvg0c4zpgs4-just-1.35.0",
              "default": true
            },
            {
              "name": "man",
              "path": "/nix/store/kfb71pvp8v2s5j2xbnacmfp63i14jq42-just-1.35.0-man",
              "default": true
            },
            {
              "name": "doc",
              "path": "/nix/store/kxf0w9wbq1hzqbdgaz9xp6dfvm1w87bs-just-1.35.0-doc"
            }
          ],
          "store_path": "/nix/store/874l9amqmswyy67spzdcipvg0c4zpgs4-just-1.35.0"
        },
        "aarch64-linux": {
          "outputs": [
            {
              "name": "out",
              "path": "/nix/store/ymxdf0mkxkbcy0kg5215wclhc8p3ai7r-just-1.35.0",
              "default": true
            },
            {
              "name": "man",
              "path": "/nix/store/4iaav8fi103xb0gbwqz8abfqbn47ymjm-just-1.35.0-man",
              "default": true
            },
            {
              "name": "doc",
              "path": "/nix/store/944ppn1m7i9vg1hgrr46r0mgibpw31pq-just-1.35.0-doc"
            }
          ],
          "store_path": "/nix/store/ymxdf0mkxkbcy0kg5215wclhc8p3ai7r-just-1.35.0"
        },
        "x86_64-darwin": {
          "outputs": [
            {
              "name": "out",
              "path": "/nix/store/4zbi8rbaqksnggyzjr5s9cfzc3ag0dk2-just-1.35.0",
              "default": true
            },
            {
              "name": "man",
              "path": "/nix/store/i8kbbpr6w3q4242nvf024i0nnf2rr8j9-just-1.35.0-man",
              "default": true
            },
            {
              "name": "doc",
              "path": "/nix/store/fmp8604s89h69664q5w64s20m0qkh4h3-just-1.35.0-doc"
            }
          ],
          "store_path": "/nix/store/4zbi8rbaqksnggyzjr5s9cfzc3ag0dk2-just-1.35.0"
        },
        "x86_64-linux": {
          "outputs": [
            {
              "name": "out",
              "path": "/nix/store/1bkp6pcvnhmn3xp3jz2f6zhdjzjhksz6-just-1.35.0",
              "default": true
            },
            {
              "name": "man",
              "path": "/nix/store/bv3s48ql599mdnl4r896xl686byncng8-just-1.35.0-man",
              "default": true
            },
            {
              "name": "doc",
              "path": "/nix/store/f09814w7yvwx2wx8b5gq6vps016m4npw-just-1.35.0-doc"
            }
          ],
          "store_path": "/nix/store/1bkp6pcvnhmn3xp3jz2f6zhdjzjhksz6-just-1.35.0"
        }
      }
    },
    "kind@latest": {
      "last_modified": "2024-09-10T15:01:03Z",
      "resolved": "github:NixOS/nixpkgs/5ed627539ac84809c78b2dd6d26a5cebeb5ae269#kind",
      "source": "devbox-search",
      "version": "0.24.0",
      "systems": {
        "aarch64-darwin": {
          "outputs": [
            {
              "name": "out",
              "path": "/nix/store/dh1xf5b09vn8j87kryr88yd47gq9ni8z-kind-0.24.0",
              "default": true
            }
          ],
          "store_path": "/nix/store/dh1xf5b09vn8j87kryr88yd47gq9ni8z-kind-0.24.0"
        },
        "aarch64-linux": {
          "outputs": [
            {
              "name": "out",
              "path": "/nix/store/bjjxkmdvan9agc6sv44rdhxjz9hv1igx-kind-0.24.0",
              "default": true
            }
          ],
          "store_path": "/nix/store/bjjxkmdvan9agc6sv44rdhxjz9hv1igx-kind-0.24.0"
        },
        "x86_64-darwin": {
          "outputs": [
            {
              "name": "out",
              "path": "/nix/store/nx6pfraywj21i01biaczny73p33dlzjr-kind-0.24.0",
              "default": true
            }
          ],
          "store_path": "/nix/store/nx6pfraywj21i01biaczny73p33dlzjr-kind-0.24.0"
        },
        "x86_64-linux": {
          "outputs": [
            {
              "name": "out",
              "path": "/nix/store/l19d666hq7hh64r9l9wpy2lwj0bxfm1a-kind-0.24.0",
              "default": true
            }
          ],
          "store_path": "/nix/store/l19d666hq7hh64r9l9wpy2lwj0bxfm1a-kind-0.24.0"
        }
      }
    },
    "kubectl@latest": {
      "last_modified": "2024-09-20T05:11:28Z",
      "resolved": "github:NixOS/nixpkgs/79454ee9aacc9714653a4e7eb2a52b717728caff#kubectl",
      "source": "devbox-search",
      "version": "1.31.0",
      "systems": {
        "aarch64-darwin": {
          "outputs": [
            {
              "name": "out",
              "path": "/nix/store/a3sbf306xajs0af6pcz34pw4pi9mkmj5-kubectl-1.31.0",
              "default": true
            },
            {
              "name": "man",
              "path": "/nix/store/ap867akfi9x10mzsbna51rxfh5wx5av2-kubectl-1.31.0-man",
              "default": true
            },
            {
              "name": "convert",
              "path": "/nix/store/n3g8pl6v8qf08d6z6pjllrb89ysr1zsc-kubectl-1.31.0-convert"
            }
          ],
          "store_path": "/nix/store/a3sbf306xajs0af6pcz34pw4pi9mkmj5-kubectl-1.31.0"
        },
        "aarch64-linux": {
          "outputs": [
            {
              "name": "out",
              "path": "/nix/store/qg9r3qqnjjxqmaq9qqbyh9x12k1vvqhv-kubectl-1.31.0",
              "default": true
            },
            {
              "name": "man",
              "path": "/nix/store/j132aazwv8nylcr4ciddmyhfwy48al5w-kubectl-1.31.0-man",
              "default": true
            },
            {
              "name": "convert",
              "path": "/nix/store/rc505l8rn9sd9g75hkxv1vq8zhr37j4x-kubectl-1.31.0-convert"
            }
          ],
          "store_path": "/nix/store/qg9r3qqnjjxqmaq9qqbyh9x12k1vvqhv-kubectl-1.31.0"
        },
        "x86_64-darwin": {
          "outputs": [
            {
              "name": "out",
              "path": "/nix/store/c5q71r4zbx9jjrdg1bky82q3ak87dsmn-kubectl-1.31.0",
              "default": true
            },
            {
              "name": "man",
              "path": "/nix/store/fqnpf91mg1w1z7glgx42wxgw8k2j4ym0-kubectl-1.31.0-man",
              "default": true
            },
            {
              "name": "convert",
              "path": "/nix/store/arnjlmd1zxdnp76qgk343ybqkjs3d4fb-kubectl-1.31.0-convert"
            }
          ],
          "store_path": "/nix/store/c5q71r4zbx9jjrdg1bky82q3ak87dsmn-kubectl-1.31.0"
        },
        "x86_64-linux": {
          "outputs": [
            {
              "name": "out",
              "path": "/nix/store/2xi1vzmqlbsqg9k3n1m204n56als7lyn-kubectl-1.31.0",
              "default": true
            },
            {
              "name": "man",
              "path": "/nix/store/75y8hkbk46qksfhqbkv5ass7xx3x1xsh-kubectl-1.31.0-man",
              "default": true
            },
            {
              "name": "convert",
              "path": "/nix/store/h9v1hlig44y827ms1cszwld3agdbh47k-kubectl-1.31.0-convert"
            }
          ],
          "store_path": "/nix/store/2xi1vzmqlbsqg9k3n1m204n56als7lyn-kubectl-1.31.0"
        }
      }
    }
  }
}
